
Microsoft Visual Studio Solution File, Format Version 12.00
# Visual Studio 14
VisualStudioVersion = 14.0.24720.0
MinimumVisualStudioVersion = 10.0.40219.1
Project("{FAE04EC0-301F-11D3-BF4B-00C04F79EFBC}") = "Nautilus.DataGenerator", "Nautilus.DataGenerator\Nautilus.DataGenerator.csproj", "{E2114500-2D97-4949-968E-DCD8932BAD30}"
EndProject
Project("{FAE04EC0-301F-11D3-BF4B-00C04F79EFBC}") = "Nautilus.Data", "Nautilus.Data\Nautilus.Data.csproj", "{61A6D0CD-2BE8-457B-9DEF-7727628051B3}"
EndProject
Project("{FAE04EC0-301F-11D3-BF4B-00C04F79EFBC}") = "Nautilus.DataAccess", "Nautilus.DataAccess\Nautilus.DataAccess.csproj", "{A0F98C10-3A6E-4B3F-BE44-8E7AF3546CF2}"
EndProject
Project("{FAE04EC0-301F-11D3-BF4B-00C04F79EFBC}") = "ThrowAway", "ThrowAway\ThrowAway.csproj", "{6B715A5B-76F8-48F7-BDEE-6C74366D8A0E}"
EndProject
Project("{FAE04EC0-301F-11D3-BF4B-00C04F79EFBC}") = "Nautilus.Extensions", "Nautilus.Extensions\Nautilus.Extensions.csproj", "{32A2EC9E-0539-46F0-A8D3-5F4D5EAF3F5A}"
EndProject
Project("{FAE04EC0-301F-11D3-BF4B-00C04F79EFBC}") = "MockNautilus", "MockNautilus\MockNautilus.csproj", "{B02A97B5-ED02-485E-97DD-28740537DFEA}"
EndProject
Project("{FAE04EC0-301F-11D3-BF4B-00C04F79EFBC}") = "Nautilus.DataAccess.Tests", "Nautilus.DataAccess.Tests\Nautilus.DataAccess.Tests.csproj", "{186C46A8-9CBD-436F-AA31-C9B553BE3F34}"
EndProject
Project("{2150E333-8FDC-42A3-9474-1A3956D46DE8}") = "ReferencedAssemblies", "ReferencedAssemblies", "{25077BF1-3183-4A78-BEF5-93E312201529}"
	ProjectSection(SolutionItems) = preProject
		ReferencedAssemblies\Interop.LSEXPLORERLib.dll = ReferencedAssemblies\Interop.LSEXPLORERLib.dll
		ReferencedAssemblies\Interop.LSEXT.dll = ReferencedAssemblies\Interop.LSEXT.dll
		ReferencedAssemblies\Interop.LSExtensionControlLib.dll = ReferencedAssemblies\Interop.LSExtensionControlLib.dll
		ReferencedAssemblies\Interop.LSExtensionWindowLib.dll = ReferencedAssemblies\Interop.LSExtensionWindowLib.dll
		ReferencedAssemblies\Interop.LSSERVICEPROVIDERLib.dll = ReferencedAssemblies\Interop.LSSERVICEPROVIDERLib.dll
		ReferencedAssemblies\Microsoft.Web.Services3.dll = ReferencedAssemblies\Microsoft.Web.Services3.dll
		ReferencedAssemblies\Thermo.Informatics.Web.Nautilus.COMAdapter.dll = ReferencedAssemblies\Thermo.Informatics.Web.Nautilus.COMAdapter.dll
		ReferencedAssemblies\Thermo.Informatics.Web.Services.NauSessionManager.dll = ReferencedAssemblies\Thermo.Informatics.Web.Services.NauSessionManager.dll
		ReferencedAssemblies\Thermo.Informatics.Web.Services.Security.dll = ReferencedAssemblies\Thermo.Informatics.Web.Services.Security.dll
	EndProjectSection
EndProject
Project("{FAE04EC0-301F-11D3-BF4B-00C04F79EFBC}") = "Nautilus.Extensions.Tests", "Nautilus.Extensions.Tests\Nautilus.Extensions.Tests.csproj", "{4DE20D67-61D1-48C2-91F7-B3BBF5DC92FD}"
EndProject
Global
	GlobalSection(SolutionConfigurationPlatforms) = preSolution
		Debug|Any CPU = Debug|Any CPU
		Release|Any CPU = Release|Any CPU
	EndGlobalSection
	GlobalSection(ProjectConfigurationPlatforms) = postSolution
		{E2114500-2D97-4949-968E-DCD8932BAD30}.Debug|Any CPU.ActiveCfg = Debug|Any CPU
		{E2114500-2D97-4949-968E-DCD8932BAD30}.Debug|Any CPU.Build.0 = Debug|Any CPU
		{E2114500-2D97-4949-968E-DCD8932BAD30}.Release|Any CPU.ActiveCfg = Release|Any CPU
		{E2114500-2D97-4949-968E-DCD8932BAD30}.Release|Any CPU.Build.0 = Release|Any CPU
		{61A6D0CD-2BE8-457B-9DEF-7727628051B3}.Debug|Any CPU.ActiveCfg = Debug|Any CPU
		{61A6D0CD-2BE8-457B-9DEF-7727628051B3}.Debug|Any CPU.Build.0 = Debug|Any CPU
		{61A6D0CD-2BE8-457B-9DEF-7727628051B3}.Release|Any CPU.ActiveCfg = Release|Any CPU
		{61A6D0CD-2BE8-457B-9DEF-7727628051B3}.Release|Any CPU.Build.0 = Release|Any CPU
		{A0F98C10-3A6E-4B3F-BE44-8E7AF3546CF2}.Debug|Any CPU.ActiveCfg = Debug|Any CPU
		{A0F98C10-3A6E-4B3F-BE44-8E7AF3546CF2}.Debug|Any CPU.Build.0 = Debug|Any CPU
		{A0F98C10-3A6E-4B3F-BE44-8E7AF3546CF2}.Release|Any CPU.ActiveCfg = Release|Any CPU
		{A0F98C10-3A6E-4B3F-BE44-8E7AF3546CF2}.Release|Any CPU.Build.0 = Release|Any CPU
		{6B715A5B-76F8-48F7-BDEE-6C74366D8A0E}.Debug|Any CPU.ActiveCfg = Debug|Any CPU
		{6B715A5B-76F8-48F7-BDEE-6C74366D8A0E}.Debug|Any CPU.Build.0 = Debug|Any CPU
		{6B715A5B-76F8-48F7-BDEE-6C74366D8A0E}.Release|Any CPU.ActiveCfg = Release|Any CPU
		{6B715A5B-76F8-48F7-BDEE-6C74366D8A0E}.Release|Any CPU.Build.0 = Release|Any CPU
		{32A2EC9E-0539-46F0-A8D3-5F4D5EAF3F5A}.Debug|Any CPU.ActiveCfg = Debug|Any CPU
		{32A2EC9E-0539-46F0-A8D3-5F4D5EAF3F5A}.Debug|Any CPU.Build.0 = Debug|Any CPU
		{32A2EC9E-0539-46F0-A8D3-5F4D5EAF3F5A}.Release|Any CPU.ActiveCfg = Release|Any CPU
		{32A2EC9E-0539-46F0-A8D3-5F4D5EAF3F5A}.Release|Any CPU.Build.0 = Release|Any CPU
		{B02A97B5-ED02-485E-97DD-28740537DFEA}.Debug|Any CPU.ActiveCfg = Debug|Any CPU
		{B02A97B5-ED02-485E-97DD-28740537DFEA}.Debug|Any CPU.Build.0 = Debug|Any CPU
		{B02A97B5-ED02-485E-97DD-28740537DFEA}.Release|Any CPU.ActiveCfg = Release|Any CPU
		{B02A97B5-ED02-485E-97DD-28740537DFEA}.Release|Any CPU.Build.0 = Release|Any CPU
		{186C46A8-9CBD-436F-AA31-C9B553BE3F34}.Debug|Any CPU.ActiveCfg = Debug|Any CPU
		{186C46A8-9CBD-436F-AA31-C9B553BE3F34}.Debug|Any CPU.Build.0 = Debug|Any CPU
		{186C46A8-9CBD-436F-AA31-C9B553BE3F34}.Release|Any CPU.ActiveCfg = Release|Any CPU
		{186C46A8-9CBD-436F-AA31-C9B553BE3F34}.Release|Any CPU.Build.0 = Release|Any CPU
		{4DE20D67-61D1-48C2-91F7-B3BBF5DC92FD}.Debug|Any CPU.ActiveCfg = Debug|Any CPU
		{4DE20D67-61D1-48C2-91F7-B3BBF5DC92FD}.Debug|Any CPU.Build.0 = Debug|Any CPU
		{4DE20D67-61D1-48C2-91F7-B3BBF5DC92FD}.Release|Any CPU.ActiveCfg = Release|Any CPU
		{4DE20D67-61D1-48C2-91F7-B3BBF5DC92FD}.Release|Any CPU.Build.0 = Release|Any CPU
	EndGlobalSection
	GlobalSection(SolutionProperties) = preSolution
		HideSolutionNode = FALSE
	EndGlobalSection
EndGlobal
